
Microsoft Visual Studio Solution File, Format Version 11.00
# Visual C++ Express 2010
Project("{8BC9CEB8-8B4A-11D0-8D11-00A0C91BC942}") = "ncpplot", "ncpplot\ncpplot.vcxproj", "{D744773B-A887-425A-A715-AADB2AE9511A}"
EndProject
Project("{8BC9CEB8-8B4A-11D0-8D11-00A0C91BC942}") = "forestfire", "forestfire\forestfire.vcxproj", "{345EFCD5-A5BA-4C41-928C-AE5BD9A5FE09}"
EndProject
Project("{8BC9CEB8-8B4A-11D0-8D11-00A0C91BC942}") = "kronfit", "kronfit\kronfit.vcxproj", "{345EFCD5-A5BA-4C41-928C-AE5BD9A5FE08}"
EndProject
Project("{8BC9CEB8-8B4A-11D0-8D11-00A0C91BC942}") = "krongen", "krongen\krongen.vcxproj", "{345EFCD5-A5BA-4C41-928C-AE5BD9A5FE07}"
EndProject
Project("{8BC9CEB8-8B4A-11D0-8D11-00A0C91BC942}") = "testgraph", "testgraph\testgraph.vcxproj", "{345EFCD5-A5BA-4C41-928C-AE5BD9A5FE03}"
EndProject
Project("{8BC9CEB8-8B4A-11D0-8D11-00A0C91BC942}") = "netstat", "netstat\netstat.vcxproj", "{345EFCD5-A5BA-4C41-928C-AE5BD9A5FE04}"
EndProject
Project("{8BC9CEB8-8B4A-11D0-8D11-00A0C91BC942}") = "netevol", "netevol\netevol.vcxproj", "{345EFCD5-A5BA-4C41-928C-AE5BD9A5FE05}"
EndProject
Project("{8BC9CEB8-8B4A-11D0-8D11-00A0C91BC942}") = "mkdatasets", "mkdatasets\mkdatasets.vcxproj", "{345EFCD5-A5BA-4C41-928C-AE5BD9A5FE06}"
EndProject
Project("{8BC9CEB8-8B4A-11D0-8D11-00A0C91BC942}") = "concomp", "concomp\concomp.vcxproj", "{345EFCD5-A5BA-4C41-928C-AE5BD9A5FE02}"
EndProject
Project("{8BC9CEB8-8B4A-11D0-8D11-00A0C91BC942}") = "centrality", "centrality\centrality.vcxproj", "{6D5B617C-EFD4-11DE-A84C-189A55D89593}"
EndProject
Project("{8BC9CEB8-8B4A-11D0-8D11-00A0C91BC942}") = "community", "community\community.vcxproj", "{6D5B617C-EFD4-11DE-A84C-189A55D89594}"
EndProject
Project("{8BC9CEB8-8B4A-11D0-8D11-00A0C91BC942}") = "cascades", "cascades\cascades.vcxproj", "{60E5066B-4AE0-49D0-B482-75BE307F1C04}"
EndProject
Project("{8BC9CEB8-8B4A-11D0-8D11-00A0C91BC942}") = "motifs", "motifs\motifs.vcxproj", "{345EFCD5-A5BA-4C41-928C-AE5CD9A5FE08}"
EndProject
Project("{8BC9CEB8-8B4A-11D0-8D11-00A0C91BC942}") = "cliques", "cliques\cliques.vcxproj", "{CCB155FF-3FA8-45CF-A1DD-54770FDD2EAA}"
EndProject
Project("{8BC9CEB8-8B4A-11D0-8D11-00A0C91BC942}") = "agmgen", "agmgen\agmgen.vcxproj", "{1BAC236F-C118-487D-8584-4E911B30080C}"
EndProject
Project("{8BC9CEB8-8B4A-11D0-8D11-00A0C91BC942}") = "graphgen", "graphgen\graphgen.vcxproj", "{101ACD69-D26C-4AA9-AC8A-41199C797209}"
EndProject
Project("{8BC9CEB8-8B4A-11D0-8D11-00A0C91BC942}") = "kcores", "kcores\kcores.vcxproj", "{CCB155FF-3FA8-45CF-A1DD-54770FDD2EAB}"
EndProject
Project("{8BC9CEB8-8B4A-11D0-8D11-00A0C91BC942}") = "kronem", "kronem\kronem.vcxproj", "{37F61708-477C-453A-B227-E1969CE80CFC}"
EndProject
Project("{8BC9CEB8-8B4A-11D0-8D11-00A0C91BC942}") = "magfit", "magfit\magfit.vcxproj", "{23608159-9241-41FE-8D2F-87BF82F96622}"
EndProject
Project("{8BC9CEB8-8B4A-11D0-8D11-00A0C91BC942}") = "maggen", "maggen\maggen.vcxproj", "{CCB155FF-3FA8-45CF-A1DD-54770FDD2EAC}"
EndProject
Project("{8BC9CEB8-8B4A-11D0-8D11-00A0C91BC942}") = "graphhash", "graphhash\graphhash.vcxproj", "{CCB155FF-3FA8-45CF-A1DD-54770FDD2E00}"
EndProject
Project("{8BC9CEB8-8B4A-11D0-8D11-00A0C91BC942}") = "agmfit", "agmfit\agmfit.vcxproj", "{272D305C-DE86-42A4-9F88-40C56CEAD799}"
EndProject
Project("{8BC9CEB8-8B4A-11D0-8D11-00A0C91BC942}") = "bigclam", "bigclam\bigclam.vcxproj", "{28DB5D47-AB1D-4C0A-8D80-28A873591489}"
EndProject
Project("{8BC9CEB8-8B4A-11D0-8D11-00A0C91BC942}") = "cesna", "cesna\cesna.vcxproj", "{67C001C3-4BF0-4148-AD17-5D342442232B}"
EndProject
Project("{8BC9CEB8-8B4A-11D0-8D11-00A0C91BC942}") = "cascadegen", "cascadegen\cascadegen.vcxproj", "{D50C735B-84C0-4DDC-BFED-0E042DB624D2}"
EndProject
Project("{8BC9CEB8-8B4A-11D0-8D11-00A0C91BC942}") = "circles", "circles\circles.vcxproj", "{DE8DB708-94E6-4974-9E65-8C89237B75E9}"
EndProject
Project("{8BC9CEB8-8B4A-11D0-8D11-00A0C91BC942}") = "coda", "coda\coda.vcxproj", "{501FFCE2-5AD2-4F5F-85E6-B74D16952C33}"
EndProject
Project("{8BC9CEB8-8B4A-11D0-8D11-00A0C91BC942}") = "flows", "flows\flows.vcxproj", "{3ADEFCB0-0784-4043-B14B-A032F31BC79E}"
EndProject
Project("{8BC9CEB8-8B4A-11D0-8D11-00A0C91BC942}") = "infopath", "infopath\infopath.vcxproj", "{E2F8D443-E2A2-495D-B8DA-D63B4F899F26}"
EndProject
Project("{8BC9CEB8-8B4A-11D0-8D11-00A0C91BC942}") = "netinf", "netinf\netinf.vcxproj", "{B45DF0B7-664F-4D53-AB00-10A3B7BE915F}"
EndProject
Project("{8BC9CEB8-8B4A-11D0-8D11-00A0C91BC942}") = "randwalk", "randwalk\randwalk.vcxproj", "{5306FD82-52D6-4C15-97B5-F33777149529}"
EndProject
Project("{8BC9CEB8-8B4A-11D0-8D11-00A0C91BC942}") = "rolx", "rolx\rolx.vcxproj", "{54A2FDEC-58F5-4EFA-A10A-838263E89629}"
EndProject
Global
	GlobalSection(SolutionConfigurationPlatforms) = preSolution
		Debug|Win32 = Debug|Win32
		Debug|x64 = Debug|x64
		Release|Win32 = Release|Win32
		Release|x64 = Release|x64
	EndGlobalSection
	GlobalSection(ProjectConfigurationPlatforms) = postSolution
		{D744773B-A887-425A-A715-AADB2AE9511A}.Debug|Win32.ActiveCfg = Debug|Win32
		{D744773B-A887-425A-A715-AADB2AE9511A}.Debug|Win32.Build.0 = Debug|Win32
		{D744773B-A887-425A-A715-AADB2AE9511A}.Debug|x64.ActiveCfg = Debug|Win32
		{D744773B-A887-425A-A715-AADB2AE9511A}.Release|Win32.ActiveCfg = Release|Win32
		{D744773B-A887-425A-A715-AADB2AE9511A}.Release|Win32.Build.0 = Release|Win32
		{D744773B-A887-425A-A715-AADB2AE9511A}.Release|x64.ActiveCfg = Release|Win32
		{345EFCD5-A5BA-4C41-928C-AE5BD9A5FE09}.Debug|Win32.ActiveCfg = Debug|Win32
		{345EFCD5-A5BA-4C41-928C-AE5BD9A5FE09}.Debug|Win32.Build.0 = Debug|Win32
		{345EFCD5-A5BA-4C41-928C-AE5BD9A5FE09}.Debug|x64.ActiveCfg = Debug|Win32
		{345EFCD5-A5BA-4C41-928C-AE5BD9A5FE09}.Release|Win32.ActiveCfg = Release|Win32
		{345EFCD5-A5BA-4C41-928C-AE5BD9A5FE09}.Release|Win32.Build.0 = Release|Win32
		{345EFCD5-A5BA-4C41-928C-AE5BD9A5FE09}.Release|x64.ActiveCfg = Release|Win32
		{345EFCD5-A5BA-4C41-928C-AE5BD9A5FE08}.Debug|Win32.ActiveCfg = Debug|Win32
		{345EFCD5-A5BA-4C41-928C-AE5BD9A5FE08}.Debug|Win32.Build.0 = Debug|Win32
		{345EFCD5-A5BA-4C41-928C-AE5BD9A5FE08}.Debug|x64.ActiveCfg = Debug|Win32
		{345EFCD5-A5BA-4C41-928C-AE5BD9A5FE08}.Release|Win32.ActiveCfg = Release|Win32
		{345EFCD5-A5BA-4C41-928C-AE5BD9A5FE08}.Release|Win32.Build.0 = Release|Win32
		{345EFCD5-A5BA-4C41-928C-AE5BD9A5FE08}.Release|x64.ActiveCfg = Release|Win32
		{345EFCD5-A5BA-4C41-928C-AE5BD9A5FE07}.Debug|Win32.ActiveCfg = Debug|Win32
		{345EFCD5-A5BA-4C41-928C-AE5BD9A5FE07}.Debug|Win32.Build.0 = Debug|Win32
		{345EFCD5-A5BA-4C41-928C-AE5BD9A5FE07}.Debug|x64.ActiveCfg = Debug|Win32
		{345EFCD5-A5BA-4C41-928C-AE5BD9A5FE07}.Release|Win32.ActiveCfg = Release|Win32
		{345EFCD5-A5BA-4C41-928C-AE5BD9A5FE07}.Release|Win32.Build.0 = Release|Win32
		{345EFCD5-A5BA-4C41-928C-AE5BD9A5FE07}.Release|x64.ActiveCfg = Release|Win32
		{345EFCD5-A5BA-4C41-928C-AE5BD9A5FE03}.Debug|Win32.ActiveCfg = Debug|Win32
		{345EFCD5-A5BA-4C41-928C-AE5BD9A5FE03}.Debug|Win32.Build.0 = Debug|Win32
		{345EFCD5-A5BA-4C41-928C-AE5BD9A5FE03}.Debug|x64.ActiveCfg = Debug|Win32
		{345EFCD5-A5BA-4C41-928C-AE5BD9A5FE03}.Release|Win32.ActiveCfg = Release|Win32
		{345EFCD5-A5BA-4C41-928C-AE5BD9A5FE03}.Release|Win32.Build.0 = Release|Win32
		{345EFCD5-A5BA-4C41-928C-AE5BD9A5FE03}.Release|x64.ActiveCfg = Release|Win32
		{345EFCD5-A5BA-4C41-928C-AE5BD9A5FE04}.Debug|Win32.ActiveCfg = Debug|Win32
		{345EFCD5-A5BA-4C41-928C-AE5BD9A5FE04}.Debug|Win32.Build.0 = Debug|Win32
		{345EFCD5-A5BA-4C41-928C-AE5BD9A5FE04}.Debug|x64.ActiveCfg = Debug|Win32
		{345EFCD5-A5BA-4C41-928C-AE5BD9A5FE04}.Release|Win32.ActiveCfg = Release|Win32
		{345EFCD5-A5BA-4C41-928C-AE5BD9A5FE04}.Release|Win32.Build.0 = Release|Win32
		{345EFCD5-A5BA-4C41-928C-AE5BD9A5FE04}.Release|x64.ActiveCfg = Release|Win32
		{345EFCD5-A5BA-4C41-928C-AE5BD9A5FE05}.Debug|Win32.ActiveCfg = Debug|Win32
		{345EFCD5-A5BA-4C41-928C-AE5BD9A5FE05}.Debug|Win32.Build.0 = Debug|Win32
		{345EFCD5-A5BA-4C41-928C-AE5BD9A5FE05}.Debug|x64.ActiveCfg = Debug|Win32
		{345EFCD5-A5BA-4C41-928C-AE5BD9A5FE05}.Release|Win32.ActiveCfg = Release|Win32
		{345EFCD5-A5BA-4C41-928C-AE5BD9A5FE05}.Release|Win32.Build.0 = Release|Win32
		{345EFCD5-A5BA-4C41-928C-AE5BD9A5FE05}.Release|x64.ActiveCfg = Release|Win32
		{345EFCD5-A5BA-4C41-928C-AE5BD9A5FE06}.Debug|Win32.ActiveCfg = Debug|Win32
		{345EFCD5-A5BA-4C41-928C-AE5BD9A5FE06}.Debug|Win32.Build.0 = Debug|Win32
		{345EFCD5-A5BA-4C41-928C-AE5BD9A5FE06}.Debug|x64.ActiveCfg = Debug|Win32
		{345EFCD5-A5BA-4C41-928C-AE5BD9A5FE06}.Release|Win32.ActiveCfg = Release|Win32
		{345EFCD5-A5BA-4C41-928C-AE5BD9A5FE06}.Release|Win32.Build.0 = Release|Win32
		{345EFCD5-A5BA-4C41-928C-AE5BD9A5FE06}.Release|x64.ActiveCfg = Release|Win32
		{345EFCD5-A5BA-4C41-928C-AE5BD9A5FE02}.Debug|Win32.ActiveCfg = Debug|Win32
		{345EFCD5-A5BA-4C41-928C-AE5BD9A5FE02}.Debug|Win32.Build.0 = Debug|Win32
		{345EFCD5-A5BA-4C41-928C-AE5BD9A5FE02}.Debug|x64.ActiveCfg = Debug|Win32
		{345EFCD5-A5BA-4C41-928C-AE5BD9A5FE02}.Release|Win32.ActiveCfg = Release|Win32
		{345EFCD5-A5BA-4C41-928C-AE5BD9A5FE02}.Release|Win32.Build.0 = Release|Win32
		{345EFCD5-A5BA-4C41-928C-AE5BD9A5FE02}.Release|x64.ActiveCfg = Release|Win32
		{6D5B617C-EFD4-11DE-A84C-189A55D89593}.Debug|Win32.ActiveCfg = Debug|Win32
		{6D5B617C-EFD4-11DE-A84C-189A55D89593}.Debug|Win32.Build.0 = Debug|Win32
		{6D5B617C-EFD4-11DE-A84C-189A55D89593}.Debug|x64.ActiveCfg = Debug|Win32
		{6D5B617C-EFD4-11DE-A84C-189A55D89593}.Release|Win32.ActiveCfg = Release|Win32
		{6D5B617C-EFD4-11DE-A84C-189A55D89593}.Release|Win32.Build.0 = Release|Win32
		{6D5B617C-EFD4-11DE-A84C-189A55D89593}.Release|x64.ActiveCfg = Release|Win32
		{6D5B617C-EFD4-11DE-A84C-189A55D89594}.Debug|Win32.ActiveCfg = Debug|Win32
		{6D5B617C-EFD4-11DE-A84C-189A55D89594}.Debug|Win32.Build.0 = Debug|Win32
		{6D5B617C-EFD4-11DE-A84C-189A55D89594}.Debug|x64.ActiveCfg = Debug|Win32
		{6D5B617C-EFD4-11DE-A84C-189A55D89594}.Release|Win32.ActiveCfg = Release|Win32
		{6D5B617C-EFD4-11DE-A84C-189A55D89594}.Release|Win32.Build.0 = Release|Win32
		{6D5B617C-EFD4-11DE-A84C-189A55D89594}.Release|x64.ActiveCfg = Release|Win32
		{60E5066B-4AE0-49D0-B482-75BE307F1C04}.Debug|Win32.ActiveCfg = Debug|Win32
		{60E5066B-4AE0-49D0-B482-75BE307F1C04}.Debug|Win32.Build.0 = Debug|Win32
		{60E5066B-4AE0-49D0-B482-75BE307F1C04}.Debug|x64.ActiveCfg = Debug|x64
		{60E5066B-4AE0-49D0-B482-75BE307F1C04}.Debug|x64.Build.0 = Debug|x64
		{60E5066B-4AE0-49D0-B482-75BE307F1C04}.Release|Win32.ActiveCfg = Release|Win32
		{60E5066B-4AE0-49D0-B482-75BE307F1C04}.Release|Win32.Build.0 = Release|Win32
		{60E5066B-4AE0-49D0-B482-75BE307F1C04}.Release|x64.ActiveCfg = Release|x64
		{345EFCD5-A5BA-4C41-928C-AE5CD9A5FE08}.Debug|Win32.ActiveCfg = Debug|Win32
		{345EFCD5-A5BA-4C41-928C-AE5CD9A5FE08}.Debug|Win32.Build.0 = Debug|Win32
		{345EFCD5-A5BA-4C41-928C-AE5CD9A5FE08}.Debug|x64.ActiveCfg = Debug|Win32
		{345EFCD5-A5BA-4C41-928C-AE5CD9A5FE08}.Release|Win32.ActiveCfg = Release|Win32
		{345EFCD5-A5BA-4C41-928C-AE5CD9A5FE08}.Release|Win32.Build.0 = Release|Win32
		{345EFCD5-A5BA-4C41-928C-AE5CD9A5FE08}.Release|x64.ActiveCfg = Release|Win32
		{CCB155FF-3FA8-45CF-A1DD-54770FDD2EAA}.Debug|Win32.ActiveCfg = Debug|Win32
		{CCB155FF-3FA8-45CF-A1DD-54770FDD2EAA}.Debug|Win32.Build.0 = Debug|Win32
		{CCB155FF-3FA8-45CF-A1DD-54770FDD2EAA}.Debug|x64.ActiveCfg = Debug|Win32
		{CCB155FF-3FA8-45CF-A1DD-54770FDD2EAA}.Release|Win32.ActiveCfg = Release|Win32
		{CCB155FF-3FA8-45CF-A1DD-54770FDD2EAA}.Release|Win32.Build.0 = Release|Win32
		{CCB155FF-3FA8-45CF-A1DD-54770FDD2EAA}.Release|x64.ActiveCfg = Release|Win32
		{1BAC236F-C118-487D-8584-4E911B30080C}.Debug|Win32.ActiveCfg = Debug|Win32
		{1BAC236F-C118-487D-8584-4E911B30080C}.Debug|Win32.Build.0 = Debug|Win32
		{1BAC236F-C118-487D-8584-4E911B30080C}.Debug|x64.ActiveCfg = Debug|Win32
		{1BAC236F-C118-487D-8584-4E911B30080C}.Release|Win32.ActiveCfg = Release|Win32
		{1BAC236F-C118-487D-8584-4E911B30080C}.Release|Win32.Build.0 = Release|Win32
		{1BAC236F-C118-487D-8584-4E911B30080C}.Release|x64.ActiveCfg = Release|Win32
		{101ACD69-D26C-4AA9-AC8A-41199C797209}.Debug|Win32.ActiveCfg = Debug|Win32
		{101ACD69-D26C-4AA9-AC8A-41199C797209}.Debug|Win32.Build.0 = Debug|Win32
		{101ACD69-D26C-4AA9-AC8A-41199C797209}.Debug|x64.ActiveCfg = Debug|Win32
		{101ACD69-D26C-4AA9-AC8A-41199C797209}.Release|Win32.ActiveCfg = Release|Win32
		{101ACD69-D26C-4AA9-AC8A-41199C797209}.Release|Win32.Build.0 = Release|Win32
		{101ACD69-D26C-4AA9-AC8A-41199C797209}.Release|x64.ActiveCfg = Release|Win32
		{CCB155FF-3FA8-45CF-A1DD-54770FDD2EAB}.Debug|Win32.ActiveCfg = Debug|Win32
		{CCB155FF-3FA8-45CF-A1DD-54770FDD2EAB}.Debug|Win32.Build.0 = Debug|Win32
		{CCB155FF-3FA8-45CF-A1DD-54770FDD2EAB}.Debug|x64.ActiveCfg = Debug|Win32
		{CCB155FF-3FA8-45CF-A1DD-54770FDD2EAB}.Release|Win32.ActiveCfg = Release|Win32
		{CCB155FF-3FA8-45CF-A1DD-54770FDD2EAB}.Release|Win32.Build.0 = Release|Win32
		{CCB155FF-3FA8-45CF-A1DD-54770FDD2EAB}.Release|x64.ActiveCfg = Release|Win32
		{37F61708-477C-453A-B227-E1969CE80CFC}.Debug|Win32.ActiveCfg = Debug|Win32
		{37F61708-477C-453A-B227-E1969CE80CFC}.Debug|Win32.Build.0 = Debug|Win32
		{37F61708-477C-453A-B227-E1969CE80CFC}.Debug|x64.ActiveCfg = Debug|Win32
		{37F61708-477C-453A-B227-E1969CE80CFC}.Release|Win32.ActiveCfg = Release|Win32
		{37F61708-477C-453A-B227-E1969CE80CFC}.Release|Win32.Build.0 = Release|Win32
		{37F61708-477C-453A-B227-E1969CE80CFC}.Release|x64.ActiveCfg = Release|Win32
		{23608159-9241-41FE-8D2F-87BF82F96622}.Debug|Win32.ActiveCfg = Debug|Win32
		{23608159-9241-41FE-8D2F-87BF82F96622}.Debug|Win32.Build.0 = Debug|Win32
		{23608159-9241-41FE-8D2F-87BF82F96622}.Debug|x64.ActiveCfg = Debug|Win32
		{23608159-9241-41FE-8D2F-87BF82F96622}.Release|Win32.ActiveCfg = Release|Win32
		{23608159-9241-41FE-8D2F-87BF82F96622}.Release|Win32.Build.0 = Release|Win32
		{23608159-9241-41FE-8D2F-87BF82F96622}.Release|x64.ActiveCfg = Release|Win32
		{CCB155FF-3FA8-45CF-A1DD-54770FDD2EAC}.Debug|Win32.ActiveCfg = Debug|Win32
		{CCB155FF-3FA8-45CF-A1DD-54770FDD2EAC}.Debug|Win32.Build.0 = Debug|Win32
		{CCB155FF-3FA8-45CF-A1DD-54770FDD2EAC}.Debug|x64.ActiveCfg = Debug|Win32
		{CCB155FF-3FA8-45CF-A1DD-54770FDD2EAC}.Release|Win32.ActiveCfg = Release|Win32
		{CCB155FF-3FA8-45CF-A1DD-54770FDD2EAC}.Release|Win32.Build.0 = Release|Win32
		{CCB155FF-3FA8-45CF-A1DD-54770FDD2EAC}.Release|x64.ActiveCfg = Release|Win32
		{CCB155FF-3FA8-45CF-A1DD-54770FDD2E00}.Debug|Win32.ActiveCfg = Debug|Win32
		{CCB155FF-3FA8-45CF-A1DD-54770FDD2E00}.Debug|Win32.Build.0 = Debug|Win32
		{CCB155FF-3FA8-45CF-A1DD-54770FDD2E00}.Debug|x64.ActiveCfg = Debug|Win32
		{CCB155FF-3FA8-45CF-A1DD-54770FDD2E00}.Release|Win32.ActiveCfg = Release|Win32
		{CCB155FF-3FA8-45CF-A1DD-54770FDD2E00}.Release|Win32.Build.0 = Release|Win32
		{CCB155FF-3FA8-45CF-A1DD-54770FDD2E00}.Release|x64.ActiveCfg = Release|Win32
		{272D305C-DE86-42A4-9F88-40C56CEAD799}.Debug|Win32.ActiveCfg = Debug|Win32
		{272D305C-DE86-42A4-9F88-40C56CEAD799}.Debug|Win32.Build.0 = Debug|Win32
		{272D305C-DE86-42A4-9F88-40C56CEAD799}.Debug|x64.ActiveCfg = Debug|Win32
		{272D305C-DE86-42A4-9F88-40C56CEAD799}.Release|Win32.ActiveCfg = Release|Win32
		{272D305C-DE86-42A4-9F88-40C56CEAD799}.Release|Win32.Build.0 = Release|Win32
		{272D305C-DE86-42A4-9F88-40C56CEAD799}.Release|x64.ActiveCfg = Release|x64
		{28DB5D47-AB1D-4C0A-8D80-28A873591489}.Debug|Win32.ActiveCfg = Debug|Win32
		{28DB5D47-AB1D-4C0A-8D80-28A873591489}.Debug|Win32.Build.0 = Debug|Win32
		{28DB5D47-AB1D-4C0A-8D80-28A873591489}.Debug|x64.ActiveCfg = Debug|Win32
		{28DB5D47-AB1D-4C0A-8D80-28A873591489}.Release|Win32.ActiveCfg = Release|Win32
		{28DB5D47-AB1D-4C0A-8D80-28A873591489}.Release|Win32.Build.0 = Release|Win32
		{28DB5D47-AB1D-4C0A-8D80-28A873591489}.Release|x64.ActiveCfg = Release|x64
		{67C001C3-4BF0-4148-AD17-5D342442232B}.Debug|Win32.ActiveCfg = Debug|Win32
		{67C001C3-4BF0-4148-AD17-5D342442232B}.Debug|Win32.Build.0 = Debug|Win32
		{67C001C3-4BF0-4148-AD17-5D342442232B}.Debug|x64.ActiveCfg = Debug|Win32
		{67C001C3-4BF0-4148-AD17-5D342442232B}.Release|Win32.ActiveCfg = Release|Win32
		{67C001C3-4BF0-4148-AD17-5D342442232B}.Release|Win32.Build.0 = Release|Win32
		{67C001C3-4BF0-4148-AD17-5D342442232B}.Release|x64.ActiveCfg = Release|Win32
		{67C001C3-4BF0-4148-AD17-5D342442232B}.Release|x64.Build.0 = Release|Win32
		{D50C735B-84C0-4DDC-BFED-0E042DB624D2}.Debug|Win32.ActiveCfg = Debug|Win32
		{D50C735B-84C0-4DDC-BFED-0E042DB624D2}.Debug|Win32.Build.0 = Debug|Win32
		{D50C735B-84C0-4DDC-BFED-0E042DB624D2}.Debug|x64.ActiveCfg = Debug|Win32
		{D50C735B-84C0-4DDC-BFED-0E042DB624D2}.Release|Win32.ActiveCfg = Release|Win32
		{D50C735B-84C0-4DDC-BFED-0E042DB624D2}.Release|Win32.Build.0 = Release|Win32
		{D50C735B-84C0-4DDC-BFED-0E042DB624D2}.Release|x64.ActiveCfg = Release|Win32
		{DE8DB708-94E6-4974-9E65-8C89237B75E9}.Debug|Win32.ActiveCfg = Debug|Win32
		{DE8DB708-94E6-4974-9E65-8C89237B75E9}.Debug|Win32.Build.0 = Debug|Win32
		{DE8DB708-94E6-4974-9E65-8C89237B75E9}.Debug|x64.ActiveCfg = Debug|Win32
		{DE8DB708-94E6-4974-9E65-8C89237B75E9}.Release|Win32.ActiveCfg = Release|Win32
		{DE8DB708-94E6-4974-9E65-8C89237B75E9}.Release|Win32.Build.0 = Release|Win32
		{DE8DB708-94E6-4974-9E65-8C89237B75E9}.Release|x64.ActiveCfg = Release|Win32
		{501FFCE2-5AD2-4F5F-85E6-B74D16952C33}.Debug|Win32.ActiveCfg = Debug|Win32
		{501FFCE2-5AD2-4F5F-85E6-B74D16952C33}.Debug|Win32.Build.0 = Debug|Win32
		{501FFCE2-5AD2-4F5F-85E6-B74D16952C33}.Debug|x64.ActiveCfg = Debug|Win32
		{501FFCE2-5AD2-4F5F-85E6-B74D16952C33}.Release|Win32.ActiveCfg = Release|Win32
		{501FFCE2-5AD2-4F5F-85E6-B74D16952C33}.Release|Win32.Build.0 = Release|Win32
		{501FFCE2-5AD2-4F5F-85E6-B74D16952C33}.Release|x64.ActiveCfg = Release|Win32
		{3ADEFCB0-0784-4043-B14B-A032F31BC79E}.Debug|Win32.ActiveCfg = Debug|Win32
		{3ADEFCB0-0784-4043-B14B-A032F31BC79E}.Debug|Win32.Build.0 = Debug|Win32
		{3ADEFCB0-0784-4043-B14B-A032F31BC79E}.Debug|x64.ActiveCfg = Debug|Win32
		{3ADEFCB0-0784-4043-B14B-A032F31BC79E}.Release|Win32.ActiveCfg = Release|Win32
		{3ADEFCB0-0784-4043-B14B-A032F31BC79E}.Release|Win32.Build.0 = Release|Win32
		{3ADEFCB0-0784-4043-B14B-A032F31BC79E}.Release|x64.ActiveCfg = Release|Win32
		{E2F8D443-E2A2-495D-B8DA-D63B4F899F26}.Debug|Win32.ActiveCfg = Debug|Win32
		{E2F8D443-E2A2-495D-B8DA-D63B4F899F26}.Debug|Win32.Build.0 = Debug|Win32
		{E2F8D443-E2A2-495D-B8DA-D63B4F899F26}.Debug|x64.ActiveCfg = Debug|Win32
		{E2F8D443-E2A2-495D-B8DA-D63B4F899F26}.Release|Win32.ActiveCfg = Release|Win32
		{E2F8D443-E2A2-495D-B8DA-D63B4F899F26}.Release|Win32.Build.0 = Release|Win32
		{E2F8D443-E2A2-495D-B8DA-D63B4F899F26}.Release|x64.ActiveCfg = Release|Win32
		{B45DF0B7-664F-4D53-AB00-10A3B7BE915F}.Debug|Win32.ActiveCfg = Debug|Win32
		{B45DF0B7-664F-4D53-AB00-10A3B7BE915F}.Debug|Win32.Build.0 = Debug|Win32
		{B45DF0B7-664F-4D53-AB00-10A3B7BE915F}.Debug|x64.ActiveCfg = Debug|Win32
		{B45DF0B7-664F-4D53-AB00-10A3B7BE915F}.Release|Win32.ActiveCfg = Release|Win32
		{B45DF0B7-664F-4D53-AB00-10A3B7BE915F}.Release|Win32.Build.0 = Release|Win32
		{B45DF0B7-664F-4D53-AB00-10A3B7BE915F}.Release|x64.ActiveCfg = Release|Win32
		{5306FD82-52D6-4C15-97B5-F33777149529}.Debug|Win32.ActiveCfg = Debug|Win32
		{5306FD82-52D6-4C15-97B5-F33777149529}.Debug|Win32.Build.0 = Debug|Win32
		{5306FD82-52D6-4C15-97B5-F33777149529}.Debug|x64.ActiveCfg = Debug|Win32
		{5306FD82-52D6-4C15-97B5-F33777149529}.Release|Win32.ActiveCfg = Release|Win32
		{5306FD82-52D6-4C15-97B5-F33777149529}.Release|Win32.Build.0 = Release|Win32
		{5306FD82-52D6-4C15-97B5-F33777149529}.Release|x64.ActiveCfg = Release|Win32
		{54A2FDEC-58F5-4EFA-A10A-838263E89629}.Debug|Win32.ActiveCfg = Debug|Win32
		{54A2FDEC-58F5-4EFA-A10A-838263E89629}.Debug|Win32.Build.0 = Debug|Win32
		{54A2FDEC-58F5-4EFA-A10A-838263E89629}.Debug|x64.ActiveCfg = Debug|Win32
		{54A2FDEC-58F5-4EFA-A10A-838263E89629}.Release|Win32.ActiveCfg = Release|Win32
		{54A2FDEC-58F5-4EFA-A10A-838263E89629}.Release|Win32.Build.0 = Release|Win32
		{54A2FDEC-58F5-4EFA-A10A-838263E89629}.Release|x64.ActiveCfg = Release|Win32
	EndGlobalSection
	GlobalSection(SolutionProperties) = preSolution
		HideSolutionNode = FALSE
	EndGlobalSection
EndGlobal
