
Microsoft Visual Studio Solution File, Format Version 10.00
# Visual Studio 2008
Project("{8BC9CEB8-8B4A-11D0-8D11-00A0C91BC942}") = "agmgen", "agmgen\agmgen.vcproj", "{1BAC236F-C118-487D-8584-4E911B30080C}"
EndProject
Project("{8BC9CEB8-8B4A-11D0-8D11-00A0C91BC942}") = "cascades", "cascades\cascades.vcproj", "{60E5066B-4AE0-49D0-B482-75BE307F1C04}"
EndProject
Project("{8BC9CEB8-8B4A-11D0-8D11-00A0C91BC942}") = "centrality", "centrality\centrality.vcproj", "{6D5B617C-EFD4-11DE-A84C-189A55D89593}"
EndProject
Project("{8BC9CEB8-8B4A-11D0-8D11-00A0C91BC942}") = "cliques", "cliques\cliques.vcproj", "{CCB155FF-3FA8-45CF-A1DD-54770FDD2EAA}"
EndProject
Project("{8BC9CEB8-8B4A-11D0-8D11-00A0C91BC942}") = "community", "community\community.vcproj", "{6D5B617C-EFD4-11DE-A84C-189A55D89594}"
EndProject
Project("{8BC9CEB8-8B4A-11D0-8D11-00A0C91BC942}") = "concomp", "concomp\concomp.vcproj", "{345EFCD5-A5BA-4C41-928C-AE5BD9A5FE02}"
EndProject
Project("{8BC9CEB8-8B4A-11D0-8D11-00A0C91BC942}") = "forestfire", "forestfire\forestfire.vcproj", "{345EFCD5-A5BA-4C41-928C-AE5BD9A5FE09}"
EndProject
Project("{8BC9CEB8-8B4A-11D0-8D11-00A0C91BC942}") = "graphgen", "graphgen\graphgen.vcproj", "{59BC1999-6B67-414F-91B0-0D02AEAC3E1D}"
EndProject
Project("{8BC9CEB8-8B4A-11D0-8D11-00A0C91BC942}") = "kcores", "kcores\kcores.vcproj", "{CCB155FF-3FA8-45CF-A1DD-54770FDD2EAB}"
EndProject
Project("{8BC9CEB8-8B4A-11D0-8D11-00A0C91BC942}") = "kronem", "kronem\kronem.vcproj", "{E4CDCAFA-FEA6-4F99-AF60-C565A1EC8197}"
EndProject
Project("{8BC9CEB8-8B4A-11D0-8D11-00A0C91BC942}") = "kronfit", "kronfit\kronfit.vcproj", "{345EFCD5-A5BA-4C41-928C-AE5BD9A5FE08}"
EndProject
Project("{8BC9CEB8-8B4A-11D0-8D11-00A0C91BC942}") = "krongen", "krongen\krongen.vcproj", "{345EFCD5-A5BA-4C41-928C-AE5BD9A5FE07}"
EndProject
Project("{8BC9CEB8-8B4A-11D0-8D11-00A0C91BC942}") = "magfit", "magfit\magfit.vcproj", "{2A3A0B57-83B1-40A3-9109-1A1C04384269}"
EndProject
Project("{8BC9CEB8-8B4A-11D0-8D11-00A0C91BC942}") = "maggen", "maggen\maggen.vcproj", "{CCB155FF-3FA8-45CF-A1DD-54770FDD2EAC}"
EndProject
Project("{8BC9CEB8-8B4A-11D0-8D11-00A0C91BC942}") = "mkdatasets", "mkdatasets\mkdatasets.vcproj", "{345EFCD5-A5BA-4C41-928C-AE5BD9A5FE06}"
EndProject
Project("{8BC9CEB8-8B4A-11D0-8D11-00A0C91BC942}") = "motifs", "motifs\motifs.vcproj", "{345EFCD5-A5BA-4C41-928C-AE5CD9A5FE08}"
EndProject
Project("{8BC9CEB8-8B4A-11D0-8D11-00A0C91BC942}") = "ncpplot", "ncpplot\ncpplot.vcproj", "{D744773B-A887-425A-A715-AADB2AE9511A}"
EndProject
Project("{8BC9CEB8-8B4A-11D0-8D11-00A0C91BC942}") = "netevol", "netevol\netevol.vcproj", "{345EFCD5-A5BA-4C41-928C-AE5BD9A5FE05}"
EndProject
Project("{8BC9CEB8-8B4A-11D0-8D11-00A0C91BC942}") = "netstat", "netstat\netstat.vcproj", "{345EFCD5-A5BA-4C41-928C-AE5BD9A5FE04}"
EndProject
Project("{8BC9CEB8-8B4A-11D0-8D11-00A0C91BC942}") = "testgraph", "testgraph\testgraph.vcproj", "{345EFCD5-A5BA-4C41-928C-AE5BD9A5FE03}"
EndProject
Global
	GlobalSection(SolutionConfigurationPlatforms) = preSolution
		Debug|Win32 = Debug|Win32
		Debug|x64 = Debug|x64
		Release|Win32 = Release|Win32
		Release|x64 = Release|x64
	EndGlobalSection
	GlobalSection(ProjectConfigurationPlatforms) = postSolution
		{1BAC236F-C118-487D-8584-4E911B30080C}.Debug|Win32.ActiveCfg = Debug|Win32
		{1BAC236F-C118-487D-8584-4E911B30080C}.Debug|Win32.Build.0 = Debug|Win32
		{1BAC236F-C118-487D-8584-4E911B30080C}.Debug|x64.ActiveCfg = Debug|Win32
		{1BAC236F-C118-487D-8584-4E911B30080C}.Release|Win32.ActiveCfg = Release|Win32
		{1BAC236F-C118-487D-8584-4E911B30080C}.Release|Win32.Build.0 = Release|Win32
		{1BAC236F-C118-487D-8584-4E911B30080C}.Release|x64.ActiveCfg = Release|Win32
		{60E5066B-4AE0-49D0-B482-75BE307F1C04}.Debug|Win32.ActiveCfg = Debug|Win32
		{60E5066B-4AE0-49D0-B482-75BE307F1C04}.Debug|Win32.Build.0 = Debug|Win32
		{60E5066B-4AE0-49D0-B482-75BE307F1C04}.Debug|x64.ActiveCfg = Debug|x64
		{60E5066B-4AE0-49D0-B482-75BE307F1C04}.Debug|x64.Build.0 = Debug|x64
		{60E5066B-4AE0-49D0-B482-75BE307F1C04}.Release|Win32.ActiveCfg = Release|Win32
		{60E5066B-4AE0-49D0-B482-75BE307F1C04}.Release|Win32.Build.0 = Release|Win32
		{60E5066B-4AE0-49D0-B482-75BE307F1C04}.Release|x64.ActiveCfg = Release|x64
		{60E5066B-4AE0-49D0-B482-75BE307F1C04}.Release|x64.Build.0 = Release|x64
		{6D5B617C-EFD4-11DE-A84C-189A55D89593}.Debug|Win32.ActiveCfg = Debug|Win32
		{6D5B617C-EFD4-11DE-A84C-189A55D89593}.Debug|Win32.Build.0 = Debug|Win32
		{6D5B617C-EFD4-11DE-A84C-189A55D89593}.Debug|x64.ActiveCfg = Debug|Win32
		{6D5B617C-EFD4-11DE-A84C-189A55D89593}.Release|Win32.ActiveCfg = Release|Win32
		{6D5B617C-EFD4-11DE-A84C-189A55D89593}.Release|Win32.Build.0 = Release|Win32
		{6D5B617C-EFD4-11DE-A84C-189A55D89593}.Release|x64.ActiveCfg = Release|Win32
		{CCB155FF-3FA8-45CF-A1DD-54770FDD2EAA}.Debug|Win32.ActiveCfg = Debug|Win32
		{CCB155FF-3FA8-45CF-A1DD-54770FDD2EAA}.Debug|Win32.Build.0 = Debug|Win32
		{CCB155FF-3FA8-45CF-A1DD-54770FDD2EAA}.Debug|x64.ActiveCfg = Debug|Win32
		{CCB155FF-3FA8-45CF-A1DD-54770FDD2EAA}.Release|Win32.ActiveCfg = Release|Win32
		{CCB155FF-3FA8-45CF-A1DD-54770FDD2EAA}.Release|Win32.Build.0 = Release|Win32
		{CCB155FF-3FA8-45CF-A1DD-54770FDD2EAA}.Release|x64.ActiveCfg = Release|Win32
		{6D5B617C-EFD4-11DE-A84C-189A55D89594}.Debug|Win32.ActiveCfg = Debug|Win32
		{6D5B617C-EFD4-11DE-A84C-189A55D89594}.Debug|Win32.Build.0 = Debug|Win32
		{6D5B617C-EFD4-11DE-A84C-189A55D89594}.Debug|x64.ActiveCfg = Debug|Win32
		{6D5B617C-EFD4-11DE-A84C-189A55D89594}.Release|Win32.ActiveCfg = Release|Win32
		{6D5B617C-EFD4-11DE-A84C-189A55D89594}.Release|Win32.Build.0 = Release|Win32
		{6D5B617C-EFD4-11DE-A84C-189A55D89594}.Release|x64.ActiveCfg = Release|Win32
		{345EFCD5-A5BA-4C41-928C-AE5BD9A5FE02}.Debug|Win32.ActiveCfg = Debug|Win32
		{345EFCD5-A5BA-4C41-928C-AE5BD9A5FE02}.Debug|Win32.Build.0 = Debug|Win32
		{345EFCD5-A5BA-4C41-928C-AE5BD9A5FE02}.Debug|x64.ActiveCfg = Debug|Win32
		{345EFCD5-A5BA-4C41-928C-AE5BD9A5FE02}.Release|Win32.ActiveCfg = Release|Win32
		{345EFCD5-A5BA-4C41-928C-AE5BD9A5FE02}.Release|Win32.Build.0 = Release|Win32
		{345EFCD5-A5BA-4C41-928C-AE5BD9A5FE02}.Release|x64.ActiveCfg = Release|Win32
		{345EFCD5-A5BA-4C41-928C-AE5BD9A5FE09}.Debug|Win32.ActiveCfg = Debug|Win32
		{345EFCD5-A5BA-4C41-928C-AE5BD9A5FE09}.Debug|Win32.Build.0 = Debug|Win32
		{345EFCD5-A5BA-4C41-928C-AE5BD9A5FE09}.Debug|x64.ActiveCfg = Debug|Win32
		{345EFCD5-A5BA-4C41-928C-AE5BD9A5FE09}.Release|Win32.ActiveCfg = Release|Win32
		{345EFCD5-A5BA-4C41-928C-AE5BD9A5FE09}.Release|Win32.Build.0 = Release|Win32
		{345EFCD5-A5BA-4C41-928C-AE5BD9A5FE09}.Release|x64.ActiveCfg = Release|Win32
		{59BC1999-6B67-414F-91B0-0D02AEAC3E1D}.Debug|Win32.ActiveCfg = Debug|Win32
		{59BC1999-6B67-414F-91B0-0D02AEAC3E1D}.Debug|Win32.Build.0 = Debug|Win32
		{59BC1999-6B67-414F-91B0-0D02AEAC3E1D}.Debug|x64.ActiveCfg = Debug|Win32
		{59BC1999-6B67-414F-91B0-0D02AEAC3E1D}.Release|Win32.ActiveCfg = Release|Win32
		{59BC1999-6B67-414F-91B0-0D02AEAC3E1D}.Release|Win32.Build.0 = Release|Win32
		{59BC1999-6B67-414F-91B0-0D02AEAC3E1D}.Release|x64.ActiveCfg = Release|Win32
		{CCB155FF-3FA8-45CF-A1DD-54770FDD2EAB}.Debug|Win32.ActiveCfg = Debug|Win32
		{CCB155FF-3FA8-45CF-A1DD-54770FDD2EAB}.Debug|Win32.Build.0 = Debug|Win32
		{CCB155FF-3FA8-45CF-A1DD-54770FDD2EAB}.Debug|x64.ActiveCfg = Debug|Win32
		{CCB155FF-3FA8-45CF-A1DD-54770FDD2EAB}.Release|Win32.ActiveCfg = Release|Win32
		{CCB155FF-3FA8-45CF-A1DD-54770FDD2EAB}.Release|Win32.Build.0 = Release|Win32
		{CCB155FF-3FA8-45CF-A1DD-54770FDD2EAB}.Release|x64.ActiveCfg = Release|Win32
		{E4CDCAFA-FEA6-4F99-AF60-C565A1EC8197}.Debug|Win32.ActiveCfg = Debug|Win32
		{E4CDCAFA-FEA6-4F99-AF60-C565A1EC8197}.Debug|Win32.Build.0 = Debug|Win32
		{E4CDCAFA-FEA6-4F99-AF60-C565A1EC8197}.Debug|x64.ActiveCfg = Debug|Win32
		{E4CDCAFA-FEA6-4F99-AF60-C565A1EC8197}.Release|Win32.ActiveCfg = Release|Win32
		{E4CDCAFA-FEA6-4F99-AF60-C565A1EC8197}.Release|Win32.Build.0 = Release|Win32
		{E4CDCAFA-FEA6-4F99-AF60-C565A1EC8197}.Release|x64.ActiveCfg = Release|Win32
		{345EFCD5-A5BA-4C41-928C-AE5BD9A5FE08}.Debug|Win32.ActiveCfg = Debug|Win32
		{345EFCD5-A5BA-4C41-928C-AE5BD9A5FE08}.Debug|Win32.Build.0 = Debug|Win32
		{345EFCD5-A5BA-4C41-928C-AE5BD9A5FE08}.Debug|x64.ActiveCfg = Debug|Win32
		{345EFCD5-A5BA-4C41-928C-AE5BD9A5FE08}.Release|Win32.ActiveCfg = Release|Win32
		{345EFCD5-A5BA-4C41-928C-AE5BD9A5FE08}.Release|Win32.Build.0 = Release|Win32
		{345EFCD5-A5BA-4C41-928C-AE5BD9A5FE08}.Release|x64.ActiveCfg = Release|Win32
		{345EFCD5-A5BA-4C41-928C-AE5BD9A5FE07}.Debug|Win32.ActiveCfg = Debug|Win32
		{345EFCD5-A5BA-4C41-928C-AE5BD9A5FE07}.Debug|Win32.Build.0 = Debug|Win32
		{345EFCD5-A5BA-4C41-928C-AE5BD9A5FE07}.Debug|x64.ActiveCfg = Debug|Win32
		{345EFCD5-A5BA-4C41-928C-AE5BD9A5FE07}.Release|Win32.ActiveCfg = Release|Win32
		{345EFCD5-A5BA-4C41-928C-AE5BD9A5FE07}.Release|Win32.Build.0 = Release|Win32
		{345EFCD5-A5BA-4C41-928C-AE5BD9A5FE07}.Release|x64.ActiveCfg = Release|Win32
		{2A3A0B57-83B1-40A3-9109-1A1C04384269}.Debug|Win32.ActiveCfg = Debug|Win32
		{2A3A0B57-83B1-40A3-9109-1A1C04384269}.Debug|Win32.Build.0 = Debug|Win32
		{2A3A0B57-83B1-40A3-9109-1A1C04384269}.Debug|x64.ActiveCfg = Debug|Win32
		{2A3A0B57-83B1-40A3-9109-1A1C04384269}.Release|Win32.ActiveCfg = Release|Win32
		{2A3A0B57-83B1-40A3-9109-1A1C04384269}.Release|Win32.Build.0 = Release|Win32
		{2A3A0B57-83B1-40A3-9109-1A1C04384269}.Release|x64.ActiveCfg = Release|Win32
		{CCB155FF-3FA8-45CF-A1DD-54770FDD2EAC}.Debug|Win32.ActiveCfg = Debug|Win32
		{CCB155FF-3FA8-45CF-A1DD-54770FDD2EAC}.Debug|Win32.Build.0 = Debug|Win32
		{CCB155FF-3FA8-45CF-A1DD-54770FDD2EAC}.Debug|x64.ActiveCfg = Debug|Win32
		{CCB155FF-3FA8-45CF-A1DD-54770FDD2EAC}.Release|Win32.ActiveCfg = Release|Win32
		{CCB155FF-3FA8-45CF-A1DD-54770FDD2EAC}.Release|Win32.Build.0 = Release|Win32
		{CCB155FF-3FA8-45CF-A1DD-54770FDD2EAC}.Release|x64.ActiveCfg = Release|Win32
		{345EFCD5-A5BA-4C41-928C-AE5BD9A5FE06}.Debug|Win32.ActiveCfg = Debug|Win32
		{345EFCD5-A5BA-4C41-928C-AE5BD9A5FE06}.Debug|Win32.Build.0 = Debug|Win32
		{345EFCD5-A5BA-4C41-928C-AE5BD9A5FE06}.Debug|x64.ActiveCfg = Debug|Win32
		{345EFCD5-A5BA-4C41-928C-AE5BD9A5FE06}.Release|Win32.ActiveCfg = Release|Win32
		{345EFCD5-A5BA-4C41-928C-AE5BD9A5FE06}.Release|Win32.Build.0 = Release|Win32
		{345EFCD5-A5BA-4C41-928C-AE5BD9A5FE06}.Release|x64.ActiveCfg = Release|Win32
		{345EFCD5-A5BA-4C41-928C-AE5CD9A5FE08}.Debug|Win32.ActiveCfg = Debug|Win32
		{345EFCD5-A5BA-4C41-928C-AE5CD9A5FE08}.Debug|Win32.Build.0 = Debug|Win32
		{345EFCD5-A5BA-4C41-928C-AE5CD9A5FE08}.Debug|x64.ActiveCfg = Debug|Win32
		{345EFCD5-A5BA-4C41-928C-AE5CD9A5FE08}.Release|Win32.ActiveCfg = Release|Win32
		{345EFCD5-A5BA-4C41-928C-AE5CD9A5FE08}.Release|Win32.Build.0 = Release|Win32
		{345EFCD5-A5BA-4C41-928C-AE5CD9A5FE08}.Release|x64.ActiveCfg = Release|Win32
		{D744773B-A887-425A-A715-AADB2AE9511A}.Debug|Win32.ActiveCfg = Debug|Win32
		{D744773B-A887-425A-A715-AADB2AE9511A}.Debug|Win32.Build.0 = Debug|Win32
		{D744773B-A887-425A-A715-AADB2AE9511A}.Debug|x64.ActiveCfg = Debug|Win32
		{D744773B-A887-425A-A715-AADB2AE9511A}.Release|Win32.ActiveCfg = Release|Win32
		{D744773B-A887-425A-A715-AADB2AE9511A}.Release|Win32.Build.0 = Release|Win32
		{D744773B-A887-425A-A715-AADB2AE9511A}.Release|x64.ActiveCfg = Release|Win32
		{345EFCD5-A5BA-4C41-928C-AE5BD9A5FE05}.Debug|Win32.ActiveCfg = Debug|Win32
		{345EFCD5-A5BA-4C41-928C-AE5BD9A5FE05}.Debug|Win32.Build.0 = Debug|Win32
		{345EFCD5-A5BA-4C41-928C-AE5BD9A5FE05}.Debug|x64.ActiveCfg = Debug|Win32
		{345EFCD5-A5BA-4C41-928C-AE5BD9A5FE05}.Release|Win32.ActiveCfg = Release|Win32
		{345EFCD5-A5BA-4C41-928C-AE5BD9A5FE05}.Release|Win32.Build.0 = Release|Win32
		{345EFCD5-A5BA-4C41-928C-AE5BD9A5FE05}.Release|x64.ActiveCfg = Release|Win32
		{345EFCD5-A5BA-4C41-928C-AE5BD9A5FE04}.Debug|Win32.ActiveCfg = Debug|Win32
		{345EFCD5-A5BA-4C41-928C-AE5BD9A5FE04}.Debug|Win32.Build.0 = Debug|Win32
		{345EFCD5-A5BA-4C41-928C-AE5BD9A5FE04}.Debug|x64.ActiveCfg = Debug|Win32
		{345EFCD5-A5BA-4C41-928C-AE5BD9A5FE04}.Release|Win32.ActiveCfg = Release|Win32
		{345EFCD5-A5BA-4C41-928C-AE5BD9A5FE04}.Release|Win32.Build.0 = Release|Win32
		{345EFCD5-A5BA-4C41-928C-AE5BD9A5FE04}.Release|x64.ActiveCfg = Release|Win32
		{345EFCD5-A5BA-4C41-928C-AE5BD9A5FE03}.Debug|Win32.ActiveCfg = Debug|Win32
		{345EFCD5-A5BA-4C41-928C-AE5BD9A5FE03}.Debug|Win32.Build.0 = Debug|Win32
		{345EFCD5-A5BA-4C41-928C-AE5BD9A5FE03}.Debug|x64.ActiveCfg = Debug|Win32
		{345EFCD5-A5BA-4C41-928C-AE5BD9A5FE03}.Release|Win32.ActiveCfg = Release|Win32
		{345EFCD5-A5BA-4C41-928C-AE5BD9A5FE03}.Release|Win32.Build.0 = Release|Win32
		{345EFCD5-A5BA-4C41-928C-AE5BD9A5FE03}.Release|x64.ActiveCfg = Release|Win32
	EndGlobalSection
	GlobalSection(SolutionProperties) = preSolution
		HideSolutionNode = FALSE
	EndGlobalSection
EndGlobal
